// !$*UTF8*$!
{
	archiveVersion = 1;
	classes = {
	};
	objectVersion = 50;
	objects = {

/* Begin PBXBuildFile section */
		2121C68C2180E429005A5737 /* AppDelegate.swift in Sources */ = {isa = PBXBuildFile; fileRef = 2121C68B2180E429005A5737 /* AppDelegate.swift */; };
		2121C68E2180E429005A5737 /* PeopleViewController.swift in Sources */ = {isa = PBXBuildFile; fileRef = 2121C68D2180E429005A5737 /* PeopleViewController.swift */; };
		2121C6912180E429005A5737 /* Main.storyboard in Resources */ = {isa = PBXBuildFile; fileRef = 2121C68F2180E429005A5737 /* Main.storyboard */; };
		2121C6942180E429005A5737 /* DataModel.xcdatamodeld in Sources */ = {isa = PBXBuildFile; fileRef = 2121C6922180E429005A5737 /* DataModel.xcdatamodeld */; };
		2121C6962180E42B005A5737 /* Assets.xcassets in Resources */ = {isa = PBXBuildFile; fileRef = 2121C6952180E42B005A5737 /* Assets.xcassets */; };
		2121C6992180E42B005A5737 /* LaunchScreen.storyboard in Resources */ = {isa = PBXBuildFile; fileRef = 2121C6972180E42B005A5737 /* LaunchScreen.storyboard */; };
		2121C6A42180E42B005A5737 /* HitListTests.swift in Sources */ = {isa = PBXBuildFile; fileRef = 2121C6A32180E42B005A5737 /* HitListTests.swift */; };
		2121C6AF2180E42B005A5737 /* HitListUITests.swift in Sources */ = {isa = PBXBuildFile; fileRef = 2121C6AE2180E42B005A5737 /* HitListUITests.swift */; };
		2125EF5E219A7A5A00ADA6AE /* Device+CoreDataClass.swift in Sources */ = {isa = PBXBuildFile; fileRef = 2125EF5A219A7A5A00ADA6AE /* Device+CoreDataClass.swift */; };
		2125EF60219A7A5A00ADA6AE /* Person+CoreDataClass.swift in Sources */ = {isa = PBXBuildFile; fileRef = 2125EF5C219A7A5A00ADA6AE /* Person+CoreDataClass.swift */; };
		2125EF68219A7D0500ADA6AE /* Person+CoreDataProperties.swift in Sources */ = {isa = PBXBuildFile; fileRef = 2125EF66219A7D0500ADA6AE /* Person+CoreDataProperties.swift */; };
		2125EF69219A7D0500ADA6AE /* Device+CoreDataProperties.swift in Sources */ = {isa = PBXBuildFile; fileRef = 2125EF67219A7D0500ADA6AE /* Device+CoreDataProperties.swift */; };
		212FA5BC218B97D7005523B4 /* CoreDataStack.swift in Sources */ = {isa = PBXBuildFile; fileRef = 212FA5BB218B97D7005523B4 /* CoreDataStack.swift */; };
		2144E0B9219A044F005DE789 /* DeviceTableViewCell.swift in Sources */ = {isa = PBXBuildFile; fileRef = 2144E0B8219A044F005DE789 /* DeviceTableViewCell.swift */; };
		2152A885218FAD3600535CDC /* DevicesViewController.swift in Sources */ = {isa = PBXBuildFile; fileRef = 2152A884218FAD3600535CDC /* DevicesViewController.swift */; };
		2152A887218FDC2A00535CDC /* DeviceDetailTableViewController.swift in Sources */ = {isa = PBXBuildFile; fileRef = 2152A886218FDC2A00535CDC /* DeviceDetailTableViewController.swift */; };
		21AF43D921A0D944005B1FFD /* DevicesWithFetchRequestController.swift in Sources */ = {isa = PBXBuildFile; fileRef = 21AF43D821A0D944005B1FFD /* DevicesWithFetchRequestController.swift */; };
/* End PBXBuildFile section */

/* Begin PBXContainerItemProxy section */
		2121C6A02180E42B005A5737 /* PBXContainerItemProxy */ = {
			isa = PBXContainerItemProxy;
			containerPortal = 2121C6802180E429005A5737 /* Project object */;
			proxyType = 1;
			remoteGlobalIDString = 2121C6872180E429005A5737;
			remoteInfo = HitList;
		};
		2121C6AB2180E42B005A5737 /* PBXContainerItemProxy */ = {
			isa = PBXContainerItemProxy;
			containerPortal = 2121C6802180E429005A5737 /* Project object */;
			proxyType = 1;
			remoteGlobalIDString = 2121C6872180E429005A5737;
			remoteInfo = HitList;
		};
/* End PBXContainerItemProxy section */

/* Begin PBXFileReference section */
		2121C6882180E429005A5737 /* HitList.app */ = {isa = PBXFileReference; explicitFileType = wrapper.application; includeInIndex = 0; path = HitList.app; sourceTree = BUILT_PRODUCTS_DIR; };
		2121C68B2180E429005A5737 /* AppDelegate.swift */ = {isa = PBXFileReference; lastKnownFileType = sourcecode.swift; path = AppDelegate.swift; sourceTree = "<group>"; };
		2121C68D2180E429005A5737 /* PeopleViewController.swift */ = {isa = PBXFileReference; lastKnownFileType = sourcecode.swift; path = PeopleViewController.swift; sourceTree = "<group>"; };
		2121C6902180E429005A5737 /* Base */ = {isa = PBXFileReference; lastKnownFileType = file.storyboard; name = Base; path = Base.lproj/Main.storyboard; sourceTree = "<group>"; };
		2121C6932180E429005A5737 /* HitList.xcdatamodel */ = {isa = PBXFileReference; lastKnownFileType = wrapper.xcdatamodel; path = HitList.xcdatamodel; sourceTree = "<group>"; };
		2121C6952180E42B005A5737 /* Assets.xcassets */ = {isa = PBXFileReference; lastKnownFileType = folder.assetcatalog; path = Assets.xcassets; sourceTree = "<group>"; };
		2121C6982180E42B005A5737 /* Base */ = {isa = PBXFileReference; lastKnownFileType = file.storyboard; name = Base; path = Base.lproj/LaunchScreen.storyboard; sourceTree = "<group>"; };
		2121C69A2180E42B005A5737 /* Info.plist */ = {isa = PBXFileReference; lastKnownFileType = text.plist.xml; path = Info.plist; sourceTree = "<group>"; };
		2121C69F2180E42B005A5737 /* HitListTests.xctest */ = {isa = PBXFileReference; explicitFileType = wrapper.cfbundle; includeInIndex = 0; path = HitListTests.xctest; sourceTree = BUILT_PRODUCTS_DIR; };
		2121C6A32180E42B005A5737 /* HitListTests.swift */ = {isa = PBXFileReference; lastKnownFileType = sourcecode.swift; path = HitListTests.swift; sourceTree = "<group>"; };
		2121C6A52180E42B005A5737 /* Info.plist */ = {isa = PBXFileReference; lastKnownFileType = text.plist.xml; path = Info.plist; sourceTree = "<group>"; };
		2121C6AA2180E42B005A5737 /* HitListUITests.xctest */ = {isa = PBXFileReference; explicitFileType = wrapper.cfbundle; includeInIndex = 0; path = HitListUITests.xctest; sourceTree = BUILT_PRODUCTS_DIR; };
		2121C6AE2180E42B005A5737 /* HitListUITests.swift */ = {isa = PBXFileReference; lastKnownFileType = sourcecode.swift; path = HitListUITests.swift; sourceTree = "<group>"; };
		2121C6B02180E42B005A5737 /* Info.plist */ = {isa = PBXFileReference; lastKnownFileType = text.plist.xml; path = Info.plist; sourceTree = "<group>"; };
		2125EF5A219A7A5A00ADA6AE /* Device+CoreDataClass.swift */ = {isa = PBXFileReference; lastKnownFileType = sourcecode.swift; name = "Device+CoreDataClass.swift"; path = "../Device+CoreDataClass.swift"; sourceTree = "<group>"; };
		2125EF5C219A7A5A00ADA6AE /* Person+CoreDataClass.swift */ = {isa = PBXFileReference; lastKnownFileType = sourcecode.swift; name = "Person+CoreDataClass.swift"; path = "../Person+CoreDataClass.swift"; sourceTree = "<group>"; };
		2125EF66219A7D0500ADA6AE /* Person+CoreDataProperties.swift */ = {isa = PBXFileReference; lastKnownFileType = sourcecode.swift; path = "Person+CoreDataProperties.swift"; sourceTree = "<group>"; };
		2125EF67219A7D0500ADA6AE /* Device+CoreDataProperties.swift */ = {isa = PBXFileReference; lastKnownFileType = sourcecode.swift; path = "Device+CoreDataProperties.swift"; sourceTree = "<group>"; };
		212FA5BB218B97D7005523B4 /* CoreDataStack.swift */ = {isa = PBXFileReference; lastKnownFileType = sourcecode.swift; path = CoreDataStack.swift; sourceTree = "<group>"; };
		2144E0B8219A044F005DE789 /* DeviceTableViewCell.swift */ = {isa = PBXFileReference; lastKnownFileType = sourcecode.swift; path = DeviceTableViewCell.swift; sourceTree = "<group>"; };
		2152A884218FAD3600535CDC /* DevicesViewController.swift */ = {isa = PBXFileReference; lastKnownFileType = sourcecode.swift; path = DevicesViewController.swift; sourceTree = "<group>"; };
		2152A886218FDC2A00535CDC /* DeviceDetailTableViewController.swift */ = {isa = PBXFileReference; lastKnownFileType = sourcecode.swift; path = DeviceDetailTableViewController.swift; sourceTree = "<group>"; };
		21AF43D821A0D944005B1FFD /* DevicesWithFetchRequestController.swift */ = {isa = PBXFileReference; lastKnownFileType = sourcecode.swift; path = DevicesWithFetchRequestController.swift; sourceTree = "<group>"; };
/* End PBXFileReference section */

/* Begin PBXFrameworksBuildPhase section */
		2121C6852180E429005A5737 /* Frameworks */ = {
			isa = PBXFrameworksBuildPhase;
			buildActionMask = 2147483647;
			files = (
			);
			runOnlyForDeploymentPostprocessing = 0;
		};
		2121C69C2180E42B005A5737 /* Frameworks */ = {
			isa = PBXFrameworksBuildPhase;
			buildActionMask = 2147483647;
			files = (
			);
			runOnlyForDeploymentPostprocessing = 0;
		};
		2121C6A72180E42B005A5737 /* Frameworks */ = {
			isa = PBXFrameworksBuildPhase;
			buildActionMask = 2147483647;
			files = (
			);
			runOnlyForDeploymentPostprocessing = 0;
		};
/* End PBXFrameworksBuildPhase section */

/* Begin PBXGroup section */
		2121C67F2180E429005A5737 = {
			isa = PBXGroup;
			children = (
				212FA5C8218B9EC3005523B4 /* Model */,
				2121C68A2180E429005A5737 /* HitList */,
				2121C6A22180E42B005A5737 /* HitListTests */,
				2121C6AD2180E42B005A5737 /* HitListUITests */,
				2121C6892180E429005A5737 /* Products */,
			);
			sourceTree = "<group>";
		};
		2121C6892180E429005A5737 /* Products */ = {
			isa = PBXGroup;
			children = (
				2121C6882180E429005A5737 /* HitList.app */,
				2121C69F2180E42B005A5737 /* HitListTests.xctest */,
				2121C6AA2180E42B005A5737 /* HitListUITests.xctest */,
			);
			name = Products;
			sourceTree = "<group>";
		};
		2121C68A2180E429005A5737 /* HitList */ = {
			isa = PBXGroup;
			children = (
				2121C68B2180E429005A5737 /* AppDelegate.swift */,
				2121C68D2180E429005A5737 /* PeopleViewController.swift */,
				2152A884218FAD3600535CDC /* DevicesViewController.swift */,
				21AF43D821A0D944005B1FFD /* DevicesWithFetchRequestController.swift */,
				2152A886218FDC2A00535CDC /* DeviceDetailTableViewController.swift */,
				2144E0B8219A044F005DE789 /* DeviceTableViewCell.swift */,
				212FA5BB218B97D7005523B4 /* CoreDataStack.swift */,
				2121C68F2180E429005A5737 /* Main.storyboard */,
				2121C6952180E42B005A5737 /* Assets.xcassets */,
				2121C6972180E42B005A5737 /* LaunchScreen.storyboard */,
				2121C69A2180E42B005A5737 /* Info.plist */,
			);
			path = HitList;
			sourceTree = "<group>";
		};
		2121C6A22180E42B005A5737 /* HitListTests */ = {
			isa = PBXGroup;
			children = (
				2121C6A32180E42B005A5737 /* HitListTests.swift */,
				2121C6A52180E42B005A5737 /* Info.plist */,
			);
			path = HitListTests;
			sourceTree = "<group>";
		};
		2121C6AD2180E42B005A5737 /* HitListUITests */ = {
			isa = PBXGroup;
			children = (
				2121C6AE2180E42B005A5737 /* HitListUITests.swift */,
				2121C6B02180E42B005A5737 /* Info.plist */,
			);
			path = HitListUITests;
			sourceTree = "<group>";
		};
		212FA5C8218B9EC3005523B4 /* Model */ = {
			isa = PBXGroup;
			children = (
				2125EF66219A7D0500ADA6AE /* Person+CoreDataProperties.swift */,
				2125EF67219A7D0500ADA6AE /* Device+CoreDataProperties.swift */,
				2125EF5A219A7A5A00ADA6AE /* Device+CoreDataClass.swift */,
				2125EF5C219A7A5A00ADA6AE /* Person+CoreDataClass.swift */,
				2121C6922180E429005A5737 /* DataModel.xcdatamodeld */,
			);
			path = Model;
			sourceTree = "<group>";
		};
/* End PBXGroup section */

/* Begin PBXNativeTarget section */
		2121C6872180E429005A5737 /* HitList */ = {
			isa = PBXNativeTarget;
			buildConfigurationList = 2121C6B32180E42B005A5737 /* Build configuration list for PBXNativeTarget "HitList" */;
			buildPhases = (
				2121C6842180E429005A5737 /* Sources */,
				2121C6852180E429005A5737 /* Frameworks */,
				2121C6862180E429005A5737 /* Resources */,
			);
			buildRules = (
			);
			dependencies = (
			);
			name = HitList;
			productName = HitList;
			productReference = 2121C6882180E429005A5737 /* HitList.app */;
			productType = "com.apple.product-type.application";
		};
		2121C69E2180E42B005A5737 /* HitListTests */ = {
			isa = PBXNativeTarget;
			buildConfigurationList = 2121C6B62180E42B005A5737 /* Build configuration list for PBXNativeTarget "HitListTests" */;
			buildPhases = (
				2121C69B2180E42B005A5737 /* Sources */,
				2121C69C2180E42B005A5737 /* Frameworks */,
				2121C69D2180E42B005A5737 /* Resources */,
			);
			buildRules = (
			);
			dependencies = (
				2121C6A12180E42B005A5737 /* PBXTargetDependency */,
			);
			name = HitListTests;
			productName = HitListTests;
			productReference = 2121C69F2180E42B005A5737 /* HitListTests.xctest */;
			productType = "com.apple.product-type.bundle.unit-test";
		};
		2121C6A92180E42B005A5737 /* HitListUITests */ = {
			isa = PBXNativeTarget;
			buildConfigurationList = 2121C6B92180E42B005A5737 /* Build configuration list for PBXNativeTarget "HitListUITests" */;
			buildPhases = (
				2121C6A62180E42B005A5737 /* Sources */,
				2121C6A72180E42B005A5737 /* Frameworks */,
				2121C6A82180E42B005A5737 /* Resources */,
			);
			buildRules = (
			);
			dependencies = (
				2121C6AC2180E42B005A5737 /* PBXTargetDependency */,
			);
			name = HitListUITests;
			productName = HitListUITests;
			productReference = 2121C6AA2180E42B005A5737 /* HitListUITests.xctest */;
			productType = "com.apple.product-type.bundle.ui-testing";
		};
/* End PBXNativeTarget section */

/* Begin PBXProject section */
		2121C6802180E429005A5737 /* Project object */ = {
			isa = PBXProject;
			attributes = {
				LastSwiftUpdateCheck = 1000;
				LastUpgradeCheck = 1000;
				ORGANIZATIONNAME = Lawrence;
				TargetAttributes = {
					2121C6872180E429005A5737 = {
						CreatedOnToolsVersion = 10.0;
					};
					2121C69E2180E42B005A5737 = {
						CreatedOnToolsVersion = 10.0;
						TestTargetID = 2121C6872180E429005A5737;
					};
					2121C6A92180E42B005A5737 = {
						CreatedOnToolsVersion = 10.0;
						TestTargetID = 2121C6872180E429005A5737;
					};
				};
			};
			buildConfigurationList = 2121C6832180E429005A5737 /* Build configuration list for PBXProject "HitList" */;
			compatibilityVersion = "Xcode 9.3";
			developmentRegion = en;
			hasScannedForEncodings = 0;
			knownRegions = (
				en,
				Base,
			);
			mainGroup = 2121C67F2180E429005A5737;
			productRefGroup = 2121C6892180E429005A5737 /* Products */;
			projectDirPath = "";
			projectRoot = "";
			targets = (
				2121C6872180E429005A5737 /* HitList */,
				2121C69E2180E42B005A5737 /* HitListTests */,
				2121C6A92180E42B005A5737 /* HitListUITests */,
			);
		};
/* End PBXProject section */

/* Begin PBXResourcesBuildPhase section */
		2121C6862180E429005A5737 /* Resources */ = {
			isa = PBXResourcesBuildPhase;
			buildActionMask = 2147483647;
			files = (
				2121C6992180E42B005A5737 /* LaunchScreen.storyboard in Resources */,
				2121C6962180E42B005A5737 /* Assets.xcassets in Resources */,
				2121C6912180E429005A5737 /* Main.storyboard in Resources */,
			);
			runOnlyForDeploymentPostprocessing = 0;
		};
		2121C69D2180E42B005A5737 /* Resources */ = {
			isa = PBXResourcesBuildPhase;
			buildActionMask = 2147483647;
			files = (
			);
			runOnlyForDeploymentPostprocessing = 0;
		};
		2121C6A82180E42B005A5737 /* Resources */ = {
			isa = PBXResourcesBuildPhase;
			buildActionMask = 2147483647;
			files = (
			);
			runOnlyForDeploymentPostprocessing = 0;
		};
/* End PBXResourcesBuildPhase section */

/* Begin PBXSourcesBuildPhase section */
		2121C6842180E429005A5737 /* Sources */ = {
			isa = PBXSourcesBuildPhase;
			buildActionMask = 2147483647;
			files = (
				212FA5BC218B97D7005523B4 /* CoreDataStack.swift in Sources */,
				2144E0B9219A044F005DE789 /* DeviceTableViewCell.swift in Sources */,
				2121C6942180E429005A5737 /* DataModel.xcdatamodeld in Sources */,
				2125EF60219A7A5A00ADA6AE /* Person+CoreDataClass.swift in Sources */,
				2121C68E2180E429005A5737 /* PeopleViewController.swift in Sources */,
				2125EF69219A7D0500ADA6AE /* Device+CoreDataProperties.swift in Sources */,
				2152A887218FDC2A00535CDC /* DeviceDetailTableViewController.swift in Sources */,
				2125EF5E219A7A5A00ADA6AE /* Device+CoreDataClass.swift in Sources */,
				2125EF68219A7D0500ADA6AE /* Person+CoreDataProperties.swift in Sources */,
				2152A885218FAD3600535CDC /* DevicesViewController.swift in Sources */,
				21AF43D921A0D944005B1FFD /* DevicesWithFetchRequestController.swift in Sources */,
				2121C68C2180E429005A5737 /* AppDelegate.swift in Sources */,
			);
			runOnlyForDeploymentPostprocessing = 0;
		};
		2121C69B2180E42B005A5737 /* Sources */ = {
			isa = PBXSourcesBuildPhase;
			buildActionMask = 2147483647;
			files = (
				2121C6A42180E42B005A5737 /* HitListTests.swift in Sources */,
			);
			runOnlyForDeploymentPostprocessing = 0;
		};
		2121C6A62180E42B005A5737 /* Sources */ = {
			isa = PBXSourcesBuildPhase;
			buildActionMask = 2147483647;
			files = (
				2121C6AF2180E42B005A5737 /* HitListUITests.swift in Sources */,
			);
			runOnlyForDeploymentPostprocessing = 0;
		};
/* End PBXSourcesBuildPhase section */

/* Begin PBXTargetDependency section */
		2121C6A12180E42B005A5737 /* PBXTargetDependency */ = {
			isa = PBXTargetDependency;
			target = 2121C6872180E429005A5737 /* HitList */;
			targetProxy = 2121C6A02180E42B005A5737 /* PBXContainerItemProxy */;
		};
		2121C6AC2180E42B005A5737 /* PBXTargetDependency */ = {
			isa = PBXTargetDependency;
			target = 2121C6872180E429005A5737 /* HitList */;
			targetProxy = 2121C6AB2180E42B005A5737 /* PBXContainerItemProxy */;
		};
/* End PBXTargetDependency section */

/* Begin PBXVariantGroup section */
		2121C68F2180E429005A5737 /* Main.storyboard */ = {
			isa = PBXVariantGroup;
			children = (
				2121C6902180E429005A5737 /* Base */,
			);
			name = Main.storyboard;
			sourceTree = "<group>";
		};
		2121C6972180E42B005A5737 /* LaunchScreen.storyboard */ = {
			isa = PBXVariantGroup;
			children = (
				2121C6982180E42B005A5737 /* Base */,
			);
			name = LaunchScreen.storyboard;
			sourceTree = "<group>";
		};
/* End PBXVariantGroup section */

/* Begin XCBuildConfiguration section */
		2121C6B12180E42B005A5737 /* Debug */ = {
			isa = XCBuildConfiguration;
			buildSettings = {
				ALWAYS_SEARCH_USER_PATHS = NO;
				CLANG_ANALYZER_NONNULL = YES;
				CLANG_ANALYZER_NUMBER_OBJECT_CONVERSION = YES_AGGRESSIVE;
				CLANG_CXX_LANGUAGE_STANDARD = "gnu++14";
				CLANG_CXX_LIBRARY = "libc++";
				CLANG_ENABLE_MODULES = YES;
				CLANG_ENABLE_OBJC_ARC = YES;
				CLANG_ENABLE_OBJC_WEAK = YES;
				CLANG_WARN_BLOCK_CAPTURE_AUTORELEASING = YES;
				CLANG_WARN_BOOL_CONVERSION = YES;
				CLANG_WARN_COMMA = YES;
				CLANG_WARN_CONSTANT_CONVERSION = YES;
				CLANG_WARN_DEPRECATED_OBJC_IMPLEMENTATIONS = YES;
				CLANG_WARN_DIRECT_OBJC_ISA_USAGE = YES_ERROR;
				CLANG_WARN_DOCUMENTATION_COMMENTS = YES;
				CLANG_WARN_EMPTY_BODY = YES;
				CLANG_WARN_ENUM_CONVERSION = YES;
				CLANG_WARN_INFINITE_RECURSION = YES;
				CLANG_WARN_INT_CONVERSION = YES;
				CLANG_WARN_NON_LITERAL_NULL_CONVERSION = YES;
				CLANG_WARN_OBJC_IMPLICIT_RETAIN_SELF = YES;
				CLANG_WARN_OBJC_LITERAL_CONVERSION = YES;
				CLANG_WARN_OBJC_ROOT_CLASS = YES_ERROR;
				CLANG_WARN_RANGE_LOOP_ANALYSIS = YES;
				CLANG_WARN_STRICT_PROTOTYPES = YES;
				CLANG_WARN_SUSPICIOUS_MOVE = YES;
				CLANG_WARN_UNGUARDED_AVAILABILITY = YES_AGGRESSIVE;
				CLANG_WARN_UNREACHABLE_CODE = YES;
				CLANG_WARN__DUPLICATE_METHOD_MATCH = YES;
				CODE_SIGN_IDENTITY = "iPhone Developer";
				COPY_PHASE_STRIP = NO;
				DEBUG_INFORMATION_FORMAT = dwarf;
				ENABLE_STRICT_OBJC_MSGSEND = YES;
				ENABLE_TESTABILITY = YES;
				GCC_C_LANGUAGE_STANDARD = gnu11;
				GCC_DYNAMIC_NO_PIC = NO;
				GCC_NO_COMMON_BLOCKS = YES;
				GCC_OPTIMIZATION_LEVEL = 0;
				GCC_PREPROCESSOR_DEFINITIONS = (
					"DEBUG=1",
					"$(inherited)",
				);
				GCC_WARN_64_TO_32_BIT_CONVERSION = YES;
				GCC_WARN_ABOUT_RETURN_TYPE = YES_ERROR;
				GCC_WARN_UNDECLARED_SELECTOR = YES;
				GCC_WARN_UNINITIALIZED_AUTOS = YES_AGGRESSIVE;
				GCC_WARN_UNUSED_FUNCTION = YES;
				GCC_WARN_UNUSED_VARIABLE = YES;
				IPHONEOS_DEPLOYMENT_TARGET = 12.0;
				MTL_ENABLE_DEBUG_INFO = INCLUDE_SOURCE;
				MTL_FAST_MATH = YES;
				ONLY_ACTIVE_ARCH = YES;
				SDKROOT = iphoneos;
				SWIFT_ACTIVE_COMPILATION_CONDITIONS = DEBUG;
				SWIFT_OPTIMIZATION_LEVEL = "-Onone";
				SWIFT_VERSION = "";
			};
			name = Debug;
		};
		2121C6B22180E42B005A5737 /* Release */ = {
			isa = XCBuildConfiguration;
			buildSettings = {
				ALWAYS_SEARCH_USER_PATHS = NO;
				CLANG_ANALYZER_NONNULL = YES;
				CLANG_ANALYZER_NUMBER_OBJECT_CONVERSION = YES_AGGRESSIVE;
				CLANG_CXX_LANGUAGE_STANDARD = "gnu++14";
				CLANG_CXX_LIBRARY = "libc++";
				CLANG_ENABLE_MODULES = YES;
				CLANG_ENABLE_OBJC_ARC = YES;
				CLANG_ENABLE_OBJC_WEAK = YES;
				CLANG_WARN_BLOCK_CAPTURE_AUTORELEASING = YES;
				CLANG_WARN_BOOL_CONVERSION = YES;
				CLANG_WARN_COMMA = YES;
				CLANG_WARN_CONSTANT_CONVERSION = YES;
				CLANG_WARN_DEPRECATED_OBJC_IMPLEMENTATIONS = YES;
				CLANG_WARN_DIRECT_OBJC_ISA_USAGE = YES_ERROR;
				CLANG_WARN_DOCUMENTATION_COMMENTS = YES;
				CLANG_WARN_EMPTY_BODY = YES;
				CLANG_WARN_ENUM_CONVERSION = YES;
				CLANG_WARN_INFINITE_RECURSION = YES;
				CLANG_WARN_INT_CONVERSION = YES;
				CLANG_WARN_NON_LITERAL_NULL_CONVERSION = YES;
				CLANG_WARN_OBJC_IMPLICIT_RETAIN_SELF = YES;
				CLANG_WARN_OBJC_LITERAL_CONVERSION = YES;
				CLANG_WARN_OBJC_ROOT_CLASS = YES_ERROR;
				CLANG_WARN_RANGE_LOOP_ANALYSIS = YES;
				CLANG_WARN_STRICT_PROTOTYPES = YES;
				CLANG_WARN_SUSPICIOUS_MOVE = YES;
				CLANG_WARN_UNGUARDED_AVAILABILITY = YES_AGGRESSIVE;
				CLANG_WARN_UNREACHABLE_CODE = YES;
				CLANG_WARN__DUPLICATE_METHOD_MATCH = YES;
				CODE_SIGN_IDENTITY = "iPhone Developer";
				COPY_PHASE_STRIP = NO;
				DEBUG_INFORMATION_FORMAT = "dwarf-with-dsym";
				ENABLE_NS_ASSERTIONS = NO;
				ENABLE_STRICT_OBJC_MSGSEND = YES;
				GCC_C_LANGUAGE_STANDARD = gnu11;
				GCC_NO_COMMON_BLOCKS = YES;
				GCC_WARN_64_TO_32_BIT_CONVERSION = YES;
				GCC_WARN_ABOUT_RETURN_TYPE = YES_ERROR;
				GCC_WARN_UNDECLARED_SELECTOR = YES;
				GCC_WARN_UNINITIALIZED_AUTOS = YES_AGGRESSIVE;
				GCC_WARN_UNUSED_FUNCTION = YES;
				GCC_WARN_UNUSED_VARIABLE = YES;
				IPHONEOS_DEPLOYMENT_TARGET = 12.0;
				MTL_ENABLE_DEBUG_INFO = NO;
				MTL_FAST_MATH = YES;
				SDKROOT = iphoneos;
				SWIFT_COMPILATION_MODE = wholemodule;
				SWIFT_OPTIMIZATION_LEVEL = "-O";
				SWIFT_VERSION = "";
				VALIDATE_PRODUCT = YES;
			};
			name = Release;
		};
		2121C6B42180E42B005A5737 /* Debug */ = {
			isa = XCBuildConfiguration;
			buildSettings = {
				ASSETCATALOG_COMPILER_APPICON_NAME = AppIcon;
				CODE_SIGN_STYLE = Manual;
				DEVELOPMENT_TEAM = "";
				INFOPLIST_FILE = HitList/Info.plist;
				LD_RUNPATH_SEARCH_PATHS = (
					"$(inherited)",
					"@executable_path/Frameworks",
				);
				PRODUCT_BUNDLE_IDENTIFIER = Liao.com.HitList;
				PRODUCT_NAME = "$(TARGET_NAME)";
				PROVISIONING_PROFILE_SPECIFIER = "";
				SWIFT_VERSION = 4.2;
				TARGETED_DEVICE_FAMILY = "1,2";
			};
			name = Debug;
		};
		2121C6B52180E42B005A5737 /* Release */ = {
			isa = XCBuildConfiguration;
			buildSettings = {
				ASSETCATALOG_COMPILER_APPICON_NAME = AppIcon;
				CODE_SIGN_STYLE = Manual;
				DEVELOPMENT_TEAM = "";
				INFOPLIST_FILE = HitList/Info.plist;
				LD_RUNPATH_SEARCH_PATHS = (
					"$(inherited)",
					"@executable_path/Frameworks",
				);
				PRODUCT_BUNDLE_IDENTIFIER = Liao.com.HitList;
				PRODUCT_NAME = "$(TARGET_NAME)";
				PROVISIONING_PROFILE_SPECIFIER = "";
				SWIFT_VERSION = 4.2;
				TARGETED_DEVICE_FAMILY = "1,2";
			};
			name = Release;
		};
		2121C6B72180E42B005A5737 /* Debug */ = {
			isa = XCBuildConfiguration;
			buildSettings = {
				ALWAYS_EMBED_SWIFT_STANDARD_LIBRARIES = YES;
				BUNDLE_LOADER = "$(TEST_HOST)";
				CODE_SIGN_STYLE = Automatic;
				INFOPLIST_FILE = HitListTests/Info.plist;
				LD_RUNPATH_SEARCH_PATHS = (
					"$(inherited)",
					"@executable_path/Frameworks",
					"@loader_path/Frameworks",
				);
				PRODUCT_BUNDLE_IDENTIFIER = Liao.com.HitListTests;
				PRODUCT_NAME = "$(TARGET_NAME)";
				SWIFT_VERSION = 4.2;
				TARGETED_DEVICE_FAMILY = "1,2";
				TEST_HOST = "$(BUILT_PRODUCTS_DIR)/HitList.app/HitList";
			};
			name = Debug;
		};
		2121C6B82180E42B005A5737 /* Release */ = {
			isa = XCBuildConfiguration;
			buildSettings = {
				ALWAYS_EMBED_SWIFT_STANDARD_LIBRARIES = YES;
				BUNDLE_LOADER = "$(TEST_HOST)";
				CODE_SIGN_STYLE = Automatic;
				INFOPLIST_FILE = HitListTests/Info.plist;
				LD_RUNPATH_SEARCH_PATHS = (
					"$(inherited)",
					"@executable_path/Frameworks",
					"@loader_path/Frameworks",
				);
				PRODUCT_BUNDLE_IDENTIFIER = Liao.com.HitListTests;
				PRODUCT_NAME = "$(TARGET_NAME)";
				SWIFT_VERSION = 4.2;
				TARGETED_DEVICE_FAMILY = "1,2";
				TEST_HOST = "$(BUILT_PRODUCTS_DIR)/HitList.app/HitList";
			};
			name = Release;
		};
		2121C6BA2180E42B005A5737 /* Debug */ = {
			isa = XCBuildConfiguration;
			buildSettings = {
				ALWAYS_EMBED_SWIFT_STANDARD_LIBRARIES = YES;
				CODE_SIGN_STYLE = Automatic;
				INFOPLIST_FILE = HitListUITests/Info.plist;
				LD_RUNPATH_SEARCH_PATHS = (
					"$(inherited)",
					"@executable_path/Frameworks",
					"@loader_path/Frameworks",
				);
				PRODUCT_BUNDLE_IDENTIFIER = Liao.com.HitListUITests;
				PRODUCT_NAME = "$(TARGET_NAME)";
				SWIFT_VERSION = 4.2;
				TARGETED_DEVICE_FAMILY = "1,2";
				TEST_TARGET_NAME = HitList;
			};
			name = Debug;
		};
		2121C6BB2180E42B005A5737 /* Release */ = {
			isa = XCBuildConfiguration;
			buildSettings = {
				ALWAYS_EMBED_SWIFT_STANDARD_LIBRARIES = YES;
				CODE_SIGN_STYLE = Automatic;
				INFOPLIST_FILE = HitListUITests/Info.plist;
				LD_RUNPATH_SEARCH_PATHS = (
					"$(inherited)",
					"@executable_path/Frameworks",
					"@loader_path/Frameworks",
				);
				PRODUCT_BUNDLE_IDENTIFIER = Liao.com.HitListUITests;
				PRODUCT_NAME = "$(TARGET_NAME)";
				SWIFT_VERSION = 4.2;
				TARGETED_DEVICE_FAMILY = "1,2";
				TEST_TARGET_NAME = HitList;
			};
			name = Release;
		};
/* End XCBuildConfiguration section */

/* Begin XCConfigurationList section */
		2121C6832180E429005A5737 /* Build configuration list for PBXProject "HitList" */ = {
			isa = XCConfigurationList;
			buildConfigurations = (
				2121C6B12180E42B005A5737 /* Debug */,
				2121C6B22180E42B005A5737 /* Release */,
			);
			defaultConfigurationIsVisible = 0;
			defaultConfigurationName = Release;
		};
		2121C6B32180E42B005A5737 /* Build configuration list for PBXNativeTarget "HitList" */ = {
			isa = XCConfigurationList;
			buildConfigurations = (
				2121C6B42180E42B005A5737 /* Debug */,
				2121C6B52180E42B005A5737 /* Release */,
			);
			defaultConfigurationIsVisible = 0;
			defaultConfigurationName = Release;
		};
		2121C6B62180E42B005A5737 /* Build configuration list for PBXNativeTarget "HitListTests" */ = {
			isa = XCConfigurationList;
			buildConfigurations = (
				2121C6B72180E42B005A5737 /* Debug */,
				2121C6B82180E42B005A5737 /* Release */,
			);
			defaultConfigurationIsVisible = 0;
			defaultConfigurationName = Release;
		};
		2121C6B92180E42B005A5737 /* Build configuration list for PBXNativeTarget "HitListUITests" */ = {
			isa = XCConfigurationList;
			buildConfigurations = (
				2121C6BA2180E42B005A5737 /* Debug */,
				2121C6BB2180E42B005A5737 /* Release */,
			);
			defaultConfigurationIsVisible = 0;
			defaultConfigurationName = Release;
		};
/* End XCConfigurationList section */

/* Begin XCVersionGroup section */
		2121C6922180E429005A5737 /* DataModel.xcdatamodeld */ = {
			isa = XCVersionGroup;
			children = (
				2121C6932180E429005A5737 /* HitList.xcdatamodel */,
			);
			currentVersion = 2121C6932180E429005A5737 /* HitList.xcdatamodel */;
			path = DataModel.xcdatamodeld;
			sourceTree = "<group>";
			versionGroupType = wrapper.xcdatamodel;
		};
/* End XCVersionGroup section */
	};
	rootObject = 2121C6802180E429005A5737 /* Project object */;
}
